{
  "name": "dh-c",
  "version": "1.0.71",
  "lockfileVersion": 1,
  "dependencies": {
    "dh-jsf": {
      "version": "1.0.1",
      "resolved": "https://registry.npmjs.org/dh-jsf/-/dh-jsf-1.0.1.tgz",
      "integrity": "sha512-7arEU7Vb66RQSG+S76+a7iStUrAsBkBoe7Rov5pllEMPbmYOpqTQXtWRZ3/NthQ7MZPEqN2vHhMqqj/XNuEEaA=="
    }
  }
}
